
Microsoft Visual Studio Solution File, Format Version 12.00
# Visual Studio 15
VisualStudioVersion = 15.0.28307.168
MinimumVisualStudioVersion = 10.0.40219.1
Project("{FAE04EC0-301F-11D3-BF4B-00C04F79EFBC}") = "Алгоритм Хаффмана", "Алгоритм Хаффмана\Алгоритм Хаффмана.csproj", "{5A1B5C24-CBEF-4BE5-9CCF-0D3226A5E86F}"
EndProject
Global
	GlobalSection(SolutionConfigurationPlatforms) = preSolution
		Debug|Any CPU = Debug|Any CPU
		Release|Any CPU = Release|Any CPU
	EndGlobalSection
	GlobalSection(ProjectConfigurationPlatforms) = postSolution
		{5A1B5C24-CBEF-4BE5-9CCF-0D3226A5E86F}.Debug|Any CPU.ActiveCfg = Debug|Any CPU
		{5A1B5C24-CBEF-4BE5-9CCF-0D3226A5E86F}.Debug|Any CPU.Build.0 = Debug|Any CPU
		{5A1B5C24-CBEF-4BE5-9CCF-0D3226A5E86F}.Release|Any CPU.ActiveCfg = Release|Any CPU
		{5A1B5C24-CBEF-4BE5-9CCF-0D3226A5E86F}.Release|Any CPU.Build.0 = Release|Any CPU
	EndGlobalSection
	GlobalSection(SolutionProperties) = preSolution
		HideSolutionNode = FALSE
	EndGlobalSection
	GlobalSection(ExtensibilityGlobals) = postSolution
		SolutionGuid = {498C7ED9-5317-48CA-B05F-A1A6E11AEB45}
	EndGlobalSection
EndGlobal
